// !$*UTF8*$!
{
	archiveVersion = 1;
	classes = {
	};
	objectVersion = 46;
	objects = {

/* Begin PBXBuildFile section */
		575983761C0FF18C00B3D3CB /* carthage-fish-completion in Copy Scripts */ = {isa = PBXBuildFile; fileRef = 575983731C0FF16400B3D3CB /* carthage-fish-completion */; };
		67AFA98B1A79433900B7DA78 /* PrettyColors.framework in Copy Frameworks */ = {isa = PBXBuildFile; fileRef = 67AFA9891A79430B00B7DA78 /* PrettyColors.framework */; settings = {ATTRIBUTES = (CodeSignOnCopy, RemoveHeadersOnCopy, ); }; };
		89A8F1781C24AB3C00C0E75A /* FrameworkExtensionsSpec.swift in Sources */ = {isa = PBXBuildFile; fileRef = 89A8F1771C24AB3C00C0E75A /* FrameworkExtensionsSpec.swift */; };
		89E80E621C755002000F8DCB /* BuildArguments.swift in Sources */ = {isa = PBXBuildFile; fileRef = 89E80E601C754FFD000F8DCB /* BuildArguments.swift */; };
		89E80E641C755059000F8DCB /* BuildArgumentsSpec.swift in Sources */ = {isa = PBXBuildFile; fileRef = 89E80E631C755059000F8DCB /* BuildArgumentsSpec.swift */; };
		98400F5E1BD24DFA008C5DDE /* carthage-bash-completion in Copy Scripts */ = {isa = PBXBuildFile; fileRef = 98400F5A1BD24DC5008C5DDE /* carthage-bash-completion */; };
		98400F5F1BD24DFA008C5DDE /* carthage-zsh-completion in Copy Scripts */ = {isa = PBXBuildFile; fileRef = 98400F5B1BD24DC5008C5DDE /* carthage-zsh-completion */; };
		BE02923A1E36F157004FB579 /* Errors.swift in Sources */ = {isa = PBXBuildFile; fileRef = BE0292391E36F157004FB579 /* Errors.swift */; };
		BE02923C1E36F1B0004FB579 /* ProjectLocator.swift in Sources */ = {isa = PBXBuildFile; fileRef = BE02923B1E36F1B0004FB579 /* ProjectLocator.swift */; };
		BEA86F9F1C9F914A0049360B /* Curry.framework in Copy Frameworks */ = {isa = PBXBuildFile; fileRef = BEB076641C8A1FD800ABD373 /* Curry.framework */; settings = {ATTRIBUTES = (CodeSignOnCopy, RemoveHeadersOnCopy, ); }; };
		BEA86FA01C9F91500049360B /* Tentacle.framework in Copy Frameworks */ = {isa = PBXBuildFile; fileRef = BEB076651C8A1FD800ABD373 /* Tentacle.framework */; settings = {ATTRIBUTES = (CodeSignOnCopy, RemoveHeadersOnCopy, ); }; };
		CD07EB131E0EA90F00CFBEE4 /* Platform.swift in Sources */ = {isa = PBXBuildFile; fileRef = CD07EB121E0EA90F00CFBEE4 /* Platform.swift */; };
		CD07EB171E0F51A500CFBEE4 /* SDK.swift in Sources */ = {isa = PBXBuildFile; fileRef = CD07EB161E0F51A500CFBEE4 /* SDK.swift */; };
		CD1FE6541DD367920016639E /* Runes.framework in Copy Frameworks */ = {isa = PBXBuildFile; fileRef = CD1FE6521DD366620016639E /* Runes.framework */; settings = {ATTRIBUTES = (CodeSignOnCopy, RemoveHeadersOnCopy, ); }; };
		CD1FE6571DD857570016639E /* Swift3Shims.swift in Sources */ = {isa = PBXBuildFile; fileRef = CD1FE6551DD857570016639E /* Swift3Shims.swift */; };
		CD1FE6581DD85A140016639E /* Swift3Shims.swift in Sources */ = {isa = PBXBuildFile; fileRef = CD1FE6551DD857570016639E /* Swift3Shims.swift */; };
		CD2482671E1A05F50001EFE2 /* MachOType.swift in Sources */ = {isa = PBXBuildFile; fileRef = CD2482661E1A05F50001EFE2 /* MachOType.swift */; };
		CD28C99D1E11846200322AF7 /* ProductType.swift in Sources */ = {isa = PBXBuildFile; fileRef = CD28C99C1E11846200322AF7 /* ProductType.swift */; };
		CD3E530B1DE33095002C135C /* Availability.swift in Sources */ = {isa = PBXBuildFile; fileRef = CD3E530A1DE33095002C135C /* Availability.swift */; };
		CDE559291E12263A00ED7F5F /* BuildSettings.swift in Sources */ = {isa = PBXBuildFile; fileRef = CDE559281E12263A00ED7F5F /* BuildSettings.swift */; };
		CDF9D3711CF1E54200DF5A6F /* BuildOptions.swift in Sources */ = {isa = PBXBuildFile; fileRef = CDF9D3701CF1E54200DF5A6F /* BuildOptions.swift */; };
		D00CCE331A20784800109F8C /* Commandant.framework in Copy Frameworks */ = {isa = PBXBuildFile; fileRef = D00CCE311A20783A00109F8C /* Commandant.framework */; settings = {ATTRIBUTES = (CodeSignOnCopy, RemoveHeadersOnCopy, ); }; };
		D012AD101AF9843700EE91DA /* Result.framework in Frameworks */ = {isa = PBXBuildFile; fileRef = D012AD0F1AF9843700EE91DA /* Result.framework */; };
		D012AD111AF9844D00EE91DA /* Result.framework in Copy Frameworks */ = {isa = PBXBuildFile; fileRef = D012AD0F1AF9843700EE91DA /* Result.framework */; settings = {ATTRIBUTES = (CodeSignOnCopy, RemoveHeadersOnCopy, ); }; };
		D01F8A3F19EA28C400643E7C /* ReactiveCocoa.framework in Frameworks */ = {isa = PBXBuildFile; fileRef = D01F8A3E19EA28C400643E7C /* ReactiveCocoa.framework */; };
		D01F8A4519EA28E600643E7C /* ReactiveCocoa.framework in Copy Frameworks */ = {isa = PBXBuildFile; fileRef = D01F8A3E19EA28C400643E7C /* ReactiveCocoa.framework */; settings = {ATTRIBUTES = (CodeSignOnCopy, RemoveHeadersOnCopy, ); }; };
		D01F8A4A19EA28FE00643E7C /* Quick.framework in Frameworks */ = {isa = PBXBuildFile; fileRef = D01F8A4719EA28F600643E7C /* Quick.framework */; };
		D01F8A4C19EA28FE00643E7C /* Nimble.framework in Frameworks */ = {isa = PBXBuildFile; fileRef = D01F8A4B19EA28FE00643E7C /* Nimble.framework */; };
		D01F8A5419EA2F1700643E7C /* Xcode.swift in Sources */ = {isa = PBXBuildFile; fileRef = D01F8A5319EA2F1700643E7C /* Xcode.swift */; };
		D074EDC51A049283001DE082 /* FrameworkExtensions.swift in Sources */ = {isa = PBXBuildFile; fileRef = D074EDC41A049283001DE082 /* FrameworkExtensions.swift */; };
		D0D1217219E87B05005E4BAA /* XCDBLD.h in Headers */ = {isa = PBXBuildFile; fileRef = D0D1217119E87B05005E4BAA /* XCDBLD.h */; settings = {ATTRIBUTES = (Public, ); }; };
		D0D1217819E87B05005E4BAA /* XCDBLD.framework in Frameworks */ = {isa = PBXBuildFile; fileRef = D0D1216D19E87B05005E4BAA /* XCDBLD.framework */; };
		D0DB09A419EA354200234B16 /* XcodeSpec.swift in Sources */ = {isa = PBXBuildFile; fileRef = D0DB09A319EA354200234B16 /* XcodeSpec.swift */; };
		D0E0E1B01A2D28AC0097BE2B /* ReactiveTask.framework in Frameworks */ = {isa = PBXBuildFile; fileRef = D0E0E1AF1A2D28AC0097BE2B /* ReactiveTask.framework */; };
		D0E0E1B11A2D28CB0097BE2B /* ReactiveTask.framework in Copy Frameworks */ = {isa = PBXBuildFile; fileRef = D0E0E1AF1A2D28AC0097BE2B /* ReactiveTask.framework */; settings = {ATTRIBUTES = (CodeSignOnCopy, RemoveHeadersOnCopy, ); }; };
		D0F648831A4DD3EA00BCF808 /* Argo.framework in Copy Frameworks */ = {isa = PBXBuildFile; fileRef = D0F648811A4DD3D900BCF808 /* Argo.framework */; settings = {ATTRIBUTES = (CodeSignOnCopy, RemoveHeadersOnCopy, ); }; };
/* End PBXBuildFile section */

/* Begin PBXContainerItemProxy section */
		D0D1217919E87B05005E4BAA /* PBXContainerItemProxy */ = {
			isa = PBXContainerItemProxy;
			containerPortal = D0D1211019E87861005E4BAA /* Project object */;
			proxyType = 1;
			remoteGlobalIDString = D0D1216C19E87B05005E4BAA;
			remoteInfo = CarthageKit;
		};
/* End PBXContainerItemProxy section */

/* Begin PBXCopyFilesBuildPhase section */
		14A7BF4B1AA8119800C70ABB /* Copy Bundle Resources/DuplicateDependencies */ = {
			isa = PBXCopyFilesBuildPhase;
			buildActionMask = 2147483647;
			dstPath = DuplicateDependencies;
			dstSubfolderSpec = 7;
			files = (
			);
			name = "Copy Bundle Resources/DuplicateDependencies";
			runOnlyForDeploymentPostprocessing = 0;
		};
		98400F5D1BD24DDC008C5DDE /* Copy Scripts */ = {
			isa = PBXCopyFilesBuildPhase;
			buildActionMask = 2147483647;
			dstPath = Scripts;
			dstSubfolderSpec = 6;
			files = (
				575983761C0FF18C00B3D3CB /* carthage-fish-completion in Copy Scripts */,
				98400F5E1BD24DFA008C5DDE /* carthage-bash-completion in Copy Scripts */,
				98400F5F1BD24DFA008C5DDE /* carthage-zsh-completion in Copy Scripts */,
			);
			name = "Copy Scripts";
			runOnlyForDeploymentPostprocessing = 0;
		};
		D039935519E9A9F500D13E71 /* Copy Frameworks */ = {
			isa = PBXCopyFilesBuildPhase;
			buildActionMask = 2147483647;
			dstPath = "";
			dstSubfolderSpec = 10;
			files = (
				CD1FE6541DD367920016639E /* Runes.framework in Copy Frameworks */,
				BEA86FA01C9F91500049360B /* Tentacle.framework in Copy Frameworks */,
				BEA86F9F1C9F914A0049360B /* Curry.framework in Copy Frameworks */,
				D01F8A4519EA28E600643E7C /* ReactiveCocoa.framework in Copy Frameworks */,
				D00CCE331A20784800109F8C /* Commandant.framework in Copy Frameworks */,
				D0E0E1B11A2D28CB0097BE2B /* ReactiveTask.framework in Copy Frameworks */,
				67AFA98B1A79433900B7DA78 /* PrettyColors.framework in Copy Frameworks */,
				D0F648831A4DD3EA00BCF808 /* Argo.framework in Copy Frameworks */,
				D012AD111AF9844D00EE91DA /* Result.framework in Copy Frameworks */,
			);
			name = "Copy Frameworks";
			runOnlyForDeploymentPostprocessing = 0;
		};
/* End PBXCopyFilesBuildPhase section */

/* Begin PBXFileReference section */
		575983731C0FF16400B3D3CB /* carthage-fish-completion */ = {isa = PBXFileReference; fileEncoding = 4; lastKnownFileType = text; path = "carthage-fish-completion"; sourceTree = "<group>"; };
		67AFA9891A79430B00B7DA78 /* PrettyColors.framework */ = {isa = PBXFileReference; lastKnownFileType = wrapper.framework; path = PrettyColors.framework; sourceTree = BUILT_PRODUCTS_DIR; };
		89A8F1771C24AB3C00C0E75A /* FrameworkExtensionsSpec.swift */ = {isa = PBXFileReference; fileEncoding = 4; lastKnownFileType = sourcecode.swift; path = FrameworkExtensionsSpec.swift; sourceTree = "<group>"; };
		89E80E601C754FFD000F8DCB /* BuildArguments.swift */ = {isa = PBXFileReference; fileEncoding = 4; lastKnownFileType = sourcecode.swift; path = BuildArguments.swift; sourceTree = "<group>"; };
		89E80E631C755059000F8DCB /* BuildArgumentsSpec.swift */ = {isa = PBXFileReference; fileEncoding = 4; lastKnownFileType = sourcecode.swift; path = BuildArgumentsSpec.swift; sourceTree = "<group>"; };
		98400F5A1BD24DC5008C5DDE /* carthage-bash-completion */ = {isa = PBXFileReference; lastKnownFileType = text; path = "carthage-bash-completion"; sourceTree = "<group>"; };
		98400F5B1BD24DC5008C5DDE /* carthage-zsh-completion */ = {isa = PBXFileReference; lastKnownFileType = text; path = "carthage-zsh-completion"; sourceTree = "<group>"; };
		BE0292391E36F157004FB579 /* Errors.swift */ = {isa = PBXFileReference; fileEncoding = 4; lastKnownFileType = sourcecode.swift; path = Errors.swift; sourceTree = "<group>"; };
		BE02923B1E36F1B0004FB579 /* ProjectLocator.swift */ = {isa = PBXFileReference; fileEncoding = 4; lastKnownFileType = sourcecode.swift; path = ProjectLocator.swift; sourceTree = "<group>"; };
		BEB076641C8A1FD800ABD373 /* Curry.framework */ = {isa = PBXFileReference; lastKnownFileType = wrapper.framework; path = Curry.framework; sourceTree = BUILT_PRODUCTS_DIR; };
		BEB076651C8A1FD800ABD373 /* Tentacle.framework */ = {isa = PBXFileReference; lastKnownFileType = wrapper.framework; path = Tentacle.framework; sourceTree = BUILT_PRODUCTS_DIR; };
		CD07EB121E0EA90F00CFBEE4 /* Platform.swift */ = {isa = PBXFileReference; fileEncoding = 4; lastKnownFileType = sourcecode.swift; path = Platform.swift; sourceTree = "<group>"; };
		CD07EB161E0F51A500CFBEE4 /* SDK.swift */ = {isa = PBXFileReference; fileEncoding = 4; lastKnownFileType = sourcecode.swift; path = SDK.swift; sourceTree = "<group>"; };
		CD1FE6521DD366620016639E /* Runes.framework */ = {isa = PBXFileReference; lastKnownFileType = wrapper.framework; path = Runes.framework; sourceTree = BUILT_PRODUCTS_DIR; };
		CD1FE6551DD857570016639E /* Swift3Shims.swift */ = {isa = PBXFileReference; fileEncoding = 4; lastKnownFileType = sourcecode.swift; path = Swift3Shims.swift; sourceTree = "<group>"; };
		CD2482661E1A05F50001EFE2 /* MachOType.swift */ = {isa = PBXFileReference; fileEncoding = 4; lastKnownFileType = sourcecode.swift; path = MachOType.swift; sourceTree = "<group>"; };
		CD28C99C1E11846200322AF7 /* ProductType.swift */ = {isa = PBXFileReference; fileEncoding = 4; lastKnownFileType = sourcecode.swift; path = ProductType.swift; sourceTree = "<group>"; };
		CD3E530A1DE33095002C135C /* Availability.swift */ = {isa = PBXFileReference; fileEncoding = 4; lastKnownFileType = sourcecode.swift; path = Availability.swift; sourceTree = "<group>"; };
		CDE559281E12263A00ED7F5F /* BuildSettings.swift */ = {isa = PBXFileReference; fileEncoding = 4; lastKnownFileType = sourcecode.swift; path = BuildSettings.swift; sourceTree = "<group>"; };
		CDF9D3701CF1E54200DF5A6F /* BuildOptions.swift */ = {isa = PBXFileReference; fileEncoding = 4; lastKnownFileType = sourcecode.swift; path = BuildOptions.swift; sourceTree = "<group>"; };
		D00CCE311A20783A00109F8C /* Commandant.framework */ = {isa = PBXFileReference; lastKnownFileType = wrapper.framework; path = Commandant.framework; sourceTree = BUILT_PRODUCTS_DIR; };
		D012AD0F1AF9843700EE91DA /* Result.framework */ = {isa = PBXFileReference; lastKnownFileType = wrapper.framework; path = Result.framework; sourceTree = BUILT_PRODUCTS_DIR; };
		D01F8A3E19EA28C400643E7C /* ReactiveCocoa.framework */ = {isa = PBXFileReference; lastKnownFileType = wrapper.framework; path = ReactiveCocoa.framework; sourceTree = BUILT_PRODUCTS_DIR; };
		D01F8A4619EA28F600643E7C /* Nimble.framework */ = {isa = PBXFileReference; lastKnownFileType = wrapper.framework; path = Nimble.framework; sourceTree = BUILT_PRODUCTS_DIR; };
		D01F8A4719EA28F600643E7C /* Quick.framework */ = {isa = PBXFileReference; lastKnownFileType = wrapper.framework; path = Quick.framework; sourceTree = BUILT_PRODUCTS_DIR; };
		D01F8A4B19EA28FE00643E7C /* Nimble.framework */ = {isa = PBXFileReference; lastKnownFileType = wrapper.framework; path = Nimble.framework; sourceTree = BUILT_PRODUCTS_DIR; };
		D01F8A5319EA2F1700643E7C /* Xcode.swift */ = {isa = PBXFileReference; fileEncoding = 4; lastKnownFileType = sourcecode.swift; path = Xcode.swift; sourceTree = "<group>"; };
		D074EDC41A049283001DE082 /* FrameworkExtensions.swift */ = {isa = PBXFileReference; fileEncoding = 4; lastKnownFileType = sourcecode.swift; path = FrameworkExtensions.swift; sourceTree = "<group>"; };
		D0D1212419E878CC005E4BAA /* Common.xcconfig */ = {isa = PBXFileReference; lastKnownFileType = text.xcconfig; path = Common.xcconfig; sourceTree = "<group>"; };
		D0D1212619E878CC005E4BAA /* Debug.xcconfig */ = {isa = PBXFileReference; lastKnownFileType = text.xcconfig; path = Debug.xcconfig; sourceTree = "<group>"; };
		D0D1212719E878CC005E4BAA /* Profile.xcconfig */ = {isa = PBXFileReference; lastKnownFileType = text.xcconfig; path = Profile.xcconfig; sourceTree = "<group>"; };
		D0D1212819E878CC005E4BAA /* Release.xcconfig */ = {isa = PBXFileReference; lastKnownFileType = text.xcconfig; path = Release.xcconfig; sourceTree = "<group>"; };
		D0D1212919E878CC005E4BAA /* Test.xcconfig */ = {isa = PBXFileReference; lastKnownFileType = text.xcconfig; path = Test.xcconfig; sourceTree = "<group>"; };
		D0D1212B19E878CC005E4BAA /* Application.xcconfig */ = {isa = PBXFileReference; lastKnownFileType = text.xcconfig; path = Application.xcconfig; sourceTree = "<group>"; };
		D0D1212C19E878CC005E4BAA /* Framework.xcconfig */ = {isa = PBXFileReference; lastKnownFileType = text.xcconfig; path = Framework.xcconfig; sourceTree = "<group>"; };
		D0D1212D19E878CC005E4BAA /* StaticLibrary.xcconfig */ = {isa = PBXFileReference; lastKnownFileType = text.xcconfig; path = StaticLibrary.xcconfig; sourceTree = "<group>"; };
		D0D1212F19E878CC005E4BAA /* iOS-Application.xcconfig */ = {isa = PBXFileReference; lastKnownFileType = text.xcconfig; path = "iOS-Application.xcconfig"; sourceTree = "<group>"; };
		D0D1213019E878CC005E4BAA /* iOS-Base.xcconfig */ = {isa = PBXFileReference; lastKnownFileType = text.xcconfig; path = "iOS-Base.xcconfig"; sourceTree = "<group>"; };
		D0D1213119E878CC005E4BAA /* iOS-Framework.xcconfig */ = {isa = PBXFileReference; lastKnownFileType = text.xcconfig; path = "iOS-Framework.xcconfig"; sourceTree = "<group>"; };
		D0D1213219E878CC005E4BAA /* iOS-StaticLibrary.xcconfig */ = {isa = PBXFileReference; lastKnownFileType = text.xcconfig; path = "iOS-StaticLibrary.xcconfig"; sourceTree = "<group>"; };
		D0D1213419E878CC005E4BAA /* Mac-Application.xcconfig */ = {isa = PBXFileReference; lastKnownFileType = text.xcconfig; path = "Mac-Application.xcconfig"; sourceTree = "<group>"; };
		D0D1213519E878CC005E4BAA /* Mac-Base.xcconfig */ = {isa = PBXFileReference; lastKnownFileType = text.xcconfig; path = "Mac-Base.xcconfig"; sourceTree = "<group>"; };
		D0D1213619E878CC005E4BAA /* Mac-DynamicLibrary.xcconfig */ = {isa = PBXFileReference; lastKnownFileType = text.xcconfig; path = "Mac-DynamicLibrary.xcconfig"; sourceTree = "<group>"; };
		D0D1213719E878CC005E4BAA /* Mac-Framework.xcconfig */ = {isa = PBXFileReference; lastKnownFileType = text.xcconfig; path = "Mac-Framework.xcconfig"; sourceTree = "<group>"; };
		D0D1213819E878CC005E4BAA /* Mac-StaticLibrary.xcconfig */ = {isa = PBXFileReference; lastKnownFileType = text.xcconfig; path = "Mac-StaticLibrary.xcconfig"; sourceTree = "<group>"; };
		D0D1213919E878CC005E4BAA /* README.md */ = {isa = PBXFileReference; lastKnownFileType = net.daringfireball.markdown; path = README.md; sourceTree = "<group>"; };
		D0D1216D19E87B05005E4BAA /* XCDBLD.framework */ = {isa = PBXFileReference; explicitFileType = wrapper.framework; includeInIndex = 0; path = XCDBLD.framework; sourceTree = BUILT_PRODUCTS_DIR; };
		D0D1217019E87B05005E4BAA /* Info.plist */ = {isa = PBXFileReference; lastKnownFileType = text.plist.xml; path = Info.plist; sourceTree = "<group>"; };
		D0D1217119E87B05005E4BAA /* XCDBLD.h */ = {isa = PBXFileReference; lastKnownFileType = sourcecode.c.h; path = XCDBLD.h; sourceTree = "<group>"; };
		D0D1217719E87B05005E4BAA /* XCDBLDTests.xctest */ = {isa = PBXFileReference; explicitFileType = wrapper.cfbundle; includeInIndex = 0; path = XCDBLDTests.xctest; sourceTree = BUILT_PRODUCTS_DIR; };
		D0D1217D19E87B05005E4BAA /* Info.plist */ = {isa = PBXFileReference; lastKnownFileType = text.plist.xml; path = Info.plist; sourceTree = "<group>"; };
		D0DB09A319EA354200234B16 /* XcodeSpec.swift */ = {isa = PBXFileReference; fileEncoding = 4; lastKnownFileType = sourcecode.swift; path = XcodeSpec.swift; sourceTree = "<group>"; };
		D0E0E1AF1A2D28AC0097BE2B /* ReactiveTask.framework */ = {isa = PBXFileReference; lastKnownFileType = wrapper.framework; path = ReactiveTask.framework; sourceTree = BUILT_PRODUCTS_DIR; };
		D0F648811A4DD3D900BCF808 /* Argo.framework */ = {isa = PBXFileReference; lastKnownFileType = wrapper.framework; path = Argo.framework; sourceTree = BUILT_PRODUCTS_DIR; };
/* End PBXFileReference section */

/* Begin PBXFrameworksBuildPhase section */
		D0D1216919E87B05005E4BAA /* Frameworks */ = {
			isa = PBXFrameworksBuildPhase;
			buildActionMask = 2147483647;
			files = (
				D0E0E1B01A2D28AC0097BE2B /* ReactiveTask.framework in Frameworks */,
				D01F8A3F19EA28C400643E7C /* ReactiveCocoa.framework in Frameworks */,
				D012AD101AF9843700EE91DA /* Result.framework in Frameworks */,
			);
			runOnlyForDeploymentPostprocessing = 0;
		};
		D0D1217419E87B05005E4BAA /* Frameworks */ = {
			isa = PBXFrameworksBuildPhase;
			buildActionMask = 2147483647;
			files = (
				D01F8A4C19EA28FE00643E7C /* Nimble.framework in Frameworks */,
				D01F8A4A19EA28FE00643E7C /* Quick.framework in Frameworks */,
				D0D1217819E87B05005E4BAA /* XCDBLD.framework in Frameworks */,
			);
			runOnlyForDeploymentPostprocessing = 0;
		};
/* End PBXFrameworksBuildPhase section */

/* Begin PBXGroup section */
		98400F591BD24DC5008C5DDE /* Scripts */ = {
			isa = PBXGroup;
			children = (
				98400F5A1BD24DC5008C5DDE /* carthage-bash-completion */,
				575983731C0FF16400B3D3CB /* carthage-fish-completion */,
				98400F5B1BD24DC5008C5DDE /* carthage-zsh-completion */,
			);
			name = Scripts;
			path = Source/Scripts;
			sourceTree = "<group>";
		};
		D0D1210F19E87861005E4BAA = {
			isa = PBXGroup;
			children = (
				D0D1216E19E87B05005E4BAA /* XCDBLD */,
				D0D1217B19E87B05005E4BAA /* XCDBLDTests */,
				D0D1212219E878CC005E4BAA /* Configuration */,
				98400F591BD24DC5008C5DDE /* Scripts */,
				D0D1211919E87861005E4BAA /* Products */,
			);
			sourceTree = "<group>";
			usesTabs = 1;
		};
		D0D1211919E87861005E4BAA /* Products */ = {
			isa = PBXGroup;
			children = (
				D0D1216D19E87B05005E4BAA /* XCDBLD.framework */,
				D0D1217719E87B05005E4BAA /* XCDBLDTests.xctest */,
			);
			name = Products;
			sourceTree = "<group>";
		};
		D0D1212219E878CC005E4BAA /* Configuration */ = {
			isa = PBXGroup;
			children = (
				D0D1212319E878CC005E4BAA /* Base */,
				D0D1212E19E878CC005E4BAA /* iOS */,
				D0D1213319E878CC005E4BAA /* Mac OS X */,
				D0D1213919E878CC005E4BAA /* README.md */,
			);
			name = Configuration;
			path = Carthage/Checkouts/xcconfigs;
			sourceTree = SOURCE_ROOT;
		};
		D0D1212319E878CC005E4BAA /* Base */ = {
			isa = PBXGroup;
			children = (
				D0D1212419E878CC005E4BAA /* Common.xcconfig */,
				D0D1212519E878CC005E4BAA /* Configurations */,
				D0D1212A19E878CC005E4BAA /* Targets */,
			);
			path = Base;
			sourceTree = "<group>";
		};
		D0D1212519E878CC005E4BAA /* Configurations */ = {
			isa = PBXGroup;
			children = (
				D0D1212619E878CC005E4BAA /* Debug.xcconfig */,
				D0D1212719E878CC005E4BAA /* Profile.xcconfig */,
				D0D1212819E878CC005E4BAA /* Release.xcconfig */,
				D0D1212919E878CC005E4BAA /* Test.xcconfig */,
			);
			path = Configurations;
			sourceTree = "<group>";
		};
		D0D1212A19E878CC005E4BAA /* Targets */ = {
			isa = PBXGroup;
			children = (
				D0D1212B19E878CC005E4BAA /* Application.xcconfig */,
				D0D1212C19E878CC005E4BAA /* Framework.xcconfig */,
				D0D1212D19E878CC005E4BAA /* StaticLibrary.xcconfig */,
			);
			path = Targets;
			sourceTree = "<group>";
		};
		D0D1212E19E878CC005E4BAA /* iOS */ = {
			isa = PBXGroup;
			children = (
				D0D1212F19E878CC005E4BAA /* iOS-Application.xcconfig */,
				D0D1213019E878CC005E4BAA /* iOS-Base.xcconfig */,
				D0D1213119E878CC005E4BAA /* iOS-Framework.xcconfig */,
				D0D1213219E878CC005E4BAA /* iOS-StaticLibrary.xcconfig */,
			);
			path = iOS;
			sourceTree = "<group>";
		};
		D0D1213319E878CC005E4BAA /* Mac OS X */ = {
			isa = PBXGroup;
			children = (
				D0D1213419E878CC005E4BAA /* Mac-Application.xcconfig */,
				D0D1213519E878CC005E4BAA /* Mac-Base.xcconfig */,
				D0D1213619E878CC005E4BAA /* Mac-DynamicLibrary.xcconfig */,
				D0D1213719E878CC005E4BAA /* Mac-Framework.xcconfig */,
				D0D1213819E878CC005E4BAA /* Mac-StaticLibrary.xcconfig */,
			);
			path = "Mac OS X";
			sourceTree = "<group>";
		};
		D0D1216E19E87B05005E4BAA /* XCDBLD */ = {
			isa = PBXGroup;
			children = (
				D0D1217119E87B05005E4BAA /* XCDBLD.h */,
				CD3E530A1DE33095002C135C /* Availability.swift */,
				89E80E601C754FFD000F8DCB /* BuildArguments.swift */,
				CDF9D3701CF1E54200DF5A6F /* BuildOptions.swift */,
				CDE559281E12263A00ED7F5F /* BuildSettings.swift */,
				BE0292391E36F157004FB579 /* Errors.swift */,
				D074EDC41A049283001DE082 /* FrameworkExtensions.swift */,
				CD2482661E1A05F50001EFE2 /* MachOType.swift */,
				CD07EB121E0EA90F00CFBEE4 /* Platform.swift */,
				CD28C99C1E11846200322AF7 /* ProductType.swift */,
				BE02923B1E36F1B0004FB579 /* ProjectLocator.swift */,
				CD07EB161E0F51A500CFBEE4 /* SDK.swift */,
				CD1FE6551DD857570016639E /* Swift3Shims.swift */,
				D01F8A5319EA2F1700643E7C /* Xcode.swift */,
				D0D1216F19E87B05005E4BAA /* Supporting Files */,
			);
			name = XCDBLD;
			path = Source/XCDBLD;
			sourceTree = "<group>";
		};
		D0D1216F19E87B05005E4BAA /* Supporting Files */ = {
			isa = PBXGroup;
			children = (
				D012AD0F1AF9843700EE91DA /* Result.framework */,
				D0F648811A4DD3D900BCF808 /* Argo.framework */,
				BEB076641C8A1FD800ABD373 /* Curry.framework */,
				CD1FE6521DD366620016639E /* Runes.framework */,
				D00CCE311A20783A00109F8C /* Commandant.framework */,
				67AFA9891A79430B00B7DA78 /* PrettyColors.framework */,
				D01F8A3E19EA28C400643E7C /* ReactiveCocoa.framework */,
				D0E0E1AF1A2D28AC0097BE2B /* ReactiveTask.framework */,
				BEB076651C8A1FD800ABD373 /* Tentacle.framework */,
				D0D1217019E87B05005E4BAA /* Info.plist */,
			);
			name = "Supporting Files";
			sourceTree = "<group>";
		};
		D0D1217B19E87B05005E4BAA /* XCDBLDTests */ = {
			isa = PBXGroup;
			children = (
				89E80E631C755059000F8DCB /* BuildArgumentsSpec.swift */,
				89A8F1771C24AB3C00C0E75A /* FrameworkExtensionsSpec.swift */,
				D0DB09A319EA354200234B16 /* XcodeSpec.swift */,
				D0D1217C19E87B05005E4BAA /* Supporting Files */,
			);
			name = XCDBLDTests;
			path = Source/XCDBLDTests;
			sourceTree = "<group>";
		};
		D0D1217C19E87B05005E4BAA /* Supporting Files */ = {
			isa = PBXGroup;
			children = (
				D01F8A4B19EA28FE00643E7C /* Nimble.framework */,
				D01F8A4619EA28F600643E7C /* Nimble.framework */,
				D01F8A4719EA28F600643E7C /* Quick.framework */,
				D0D1217D19E87B05005E4BAA /* Info.plist */,
			);
			name = "Supporting Files";
			sourceTree = "<group>";
		};
/* End PBXGroup section */

/* Begin PBXHeadersBuildPhase section */
		D0D1216A19E87B05005E4BAA /* Headers */ = {
			isa = PBXHeadersBuildPhase;
			buildActionMask = 2147483647;
			files = (
				D0D1217219E87B05005E4BAA /* XCDBLD.h in Headers */,
			);
			runOnlyForDeploymentPostprocessing = 0;
		};
/* End PBXHeadersBuildPhase section */

/* Begin PBXNativeTarget section */
		D0D1216C19E87B05005E4BAA /* XCDBLD */ = {
			isa = PBXNativeTarget;
			buildConfigurationList = D0D1218419E87B05005E4BAA /* Build configuration list for PBXNativeTarget "XCDBLD" */;
			buildPhases = (
				D0D1216819E87B05005E4BAA /* Sources */,
				D0D1216919E87B05005E4BAA /* Frameworks */,
				D0D1216A19E87B05005E4BAA /* Headers */,
				D0D1216B19E87B05005E4BAA /* Resources */,
				D039935519E9A9F500D13E71 /* Copy Frameworks */,
				98400F5D1BD24DDC008C5DDE /* Copy Scripts */,
			);
			buildRules = (
			);
			dependencies = (
			);
			name = XCDBLD;
			productName = CarthageKit;
			productReference = D0D1216D19E87B05005E4BAA /* XCDBLD.framework */;
			productType = "com.apple.product-type.framework";
		};
		D0D1217619E87B05005E4BAA /* XCDBLDTests */ = {
			isa = PBXNativeTarget;
			buildConfigurationList = D0D1218519E87B05005E4BAA /* Build configuration list for PBXNativeTarget "XCDBLDTests" */;
			buildPhases = (
				D0D1217319E87B05005E4BAA /* Sources */,
				D0D1217419E87B05005E4BAA /* Frameworks */,
				D0D1217519E87B05005E4BAA /* Resources */,
				D0AE6B171A0E931300E0E17D /* Copy Fixtures */,
				14A7BF4B1AA8119800C70ABB /* Copy Bundle Resources/DuplicateDependencies */,
			);
			buildRules = (
			);
			dependencies = (
				D0D1217A19E87B05005E4BAA /* PBXTargetDependency */,
			);
			name = XCDBLDTests;
			productName = CarthageKitTests;
			productReference = D0D1217719E87B05005E4BAA /* XCDBLDTests.xctest */;
			productType = "com.apple.product-type.bundle.unit-test";
		};
/* End PBXNativeTarget section */

/* Begin PBXProject section */
		D0D1211019E87861005E4BAA /* Project object */ = {
			isa = PBXProject;
			attributes = {
				LastSwiftMigration = 0700;
				LastSwiftUpdateCheck = 0700;
				LastUpgradeCheck = 0710;
				ORGANIZATIONNAME = Carthage;
				TargetAttributes = {
					D0D1216C19E87B05005E4BAA = {
						CreatedOnToolsVersion = 6.1;
						LastSwiftMigration = 0800;
					};
					D0D1217619E87B05005E4BAA = {
						CreatedOnToolsVersion = 6.1;
						LastSwiftMigration = 0800;
					};
				};
			};
			buildConfigurationList = D0D1211319E87861005E4BAA /* Build configuration list for PBXProject "XCDBLD" */;
			compatibilityVersion = "Xcode 3.2";
			developmentRegion = English;
			hasScannedForEncodings = 0;
			knownRegions = (
				en,
				Base,
			);
			mainGroup = D0D1210F19E87861005E4BAA;
			productRefGroup = D0D1211919E87861005E4BAA /* Products */;
			projectDirPath = "";
			projectRoot = "";
			targets = (
				D0D1216C19E87B05005E4BAA /* XCDBLD */,
				D0D1217619E87B05005E4BAA /* XCDBLDTests */,
			);
		};
/* End PBXProject section */

/* Begin PBXResourcesBuildPhase section */
		D0D1216B19E87B05005E4BAA /* Resources */ = {
			isa = PBXResourcesBuildPhase;
			buildActionMask = 2147483647;
			files = (
			);
			runOnlyForDeploymentPostprocessing = 0;
		};
		D0D1217519E87B05005E4BAA /* Resources */ = {
			isa = PBXResourcesBuildPhase;
			buildActionMask = 2147483647;
			files = (
			);
			runOnlyForDeploymentPostprocessing = 0;
		};
/* End PBXResourcesBuildPhase section */

/* Begin PBXShellScriptBuildPhase section */
		D0AE6B171A0E931300E0E17D /* Copy Fixtures */ = {
			isa = PBXShellScriptBuildPhase;
			buildActionMask = 2147483647;
			files = (
			);
			inputPaths = (
				"$(TARGET_NAME)/fixtures",
			);
			name = "Copy Fixtures";
			outputPaths = (
				"$(BUILT_PRODUCTS_DIR)/$(UNLOCALIZED_RESOURCES_FOLDER_PATH)",
			);
			runOnlyForDeploymentPostprocessing = 0;
			shellPath = /bin/sh;
			shellScript = ". script/copy-fixtures";
		};
/* End PBXShellScriptBuildPhase section */

/* Begin PBXSourcesBuildPhase section */
		D0D1216819E87B05005E4BAA /* Sources */ = {
			isa = PBXSourcesBuildPhase;
			buildActionMask = 2147483647;
			files = (
				CD2482671E1A05F50001EFE2 /* MachOType.swift in Sources */,
				CD07EB131E0EA90F00CFBEE4 /* Platform.swift in Sources */,
				D074EDC51A049283001DE082 /* FrameworkExtensions.swift in Sources */,
				BE02923C1E36F1B0004FB579 /* ProjectLocator.swift in Sources */,
				CDE559291E12263A00ED7F5F /* BuildSettings.swift in Sources */,
				BE02923A1E36F157004FB579 /* Errors.swift in Sources */,
				CD07EB171E0F51A500CFBEE4 /* SDK.swift in Sources */,
				CD28C99D1E11846200322AF7 /* ProductType.swift in Sources */,
				CDF9D3711CF1E54200DF5A6F /* BuildOptions.swift in Sources */,
				CD1FE6571DD857570016639E /* Swift3Shims.swift in Sources */,
				89E80E621C755002000F8DCB /* BuildArguments.swift in Sources */,
				D01F8A5419EA2F1700643E7C /* Xcode.swift in Sources */,
				CD3E530B1DE33095002C135C /* Availability.swift in Sources */,
			);
			runOnlyForDeploymentPostprocessing = 0;
		};
		D0D1217319E87B05005E4BAA /* Sources */ = {
			isa = PBXSourcesBuildPhase;
			buildActionMask = 2147483647;
			files = (
				89A8F1781C24AB3C00C0E75A /* FrameworkExtensionsSpec.swift in Sources */,
				D0DB09A419EA354200234B16 /* XcodeSpec.swift in Sources */,
				89E80E641C755059000F8DCB /* BuildArgumentsSpec.swift in Sources */,
				CD1FE6581DD85A140016639E /* Swift3Shims.swift in Sources */,
			);
			runOnlyForDeploymentPostprocessing = 0;
		};
/* End PBXSourcesBuildPhase section */

/* Begin PBXTargetDependency section */
		D0D1217A19E87B05005E4BAA /* PBXTargetDependency */ = {
			isa = PBXTargetDependency;
			target = D0D1216C19E87B05005E4BAA /* XCDBLD */;
			targetProxy = D0D1217919E87B05005E4BAA /* PBXContainerItemProxy */;
		};
/* End PBXTargetDependency section */

/* Begin XCBuildConfiguration section */
		D0D1211D19E87861005E4BAA /* Debug */ = {
			isa = XCBuildConfiguration;
			baseConfigurationReference = D0D1212619E878CC005E4BAA /* Debug.xcconfig */;
			buildSettings = {
				ENABLE_TESTABILITY = YES;
				GCC_NO_COMMON_BLOCKS = YES;
				MACOSX_DEPLOYMENT_TARGET = 10.10;
				ONLY_ACTIVE_ARCH = YES;
				SWIFT_VERSION = 2.3;
			};
			name = Debug;
		};
		D0D1211E19E87861005E4BAA /* Release */ = {
			isa = XCBuildConfiguration;
			baseConfigurationReference = D0D1212819E878CC005E4BAA /* Release.xcconfig */;
			buildSettings = {
				GCC_NO_COMMON_BLOCKS = YES;
				MACOSX_DEPLOYMENT_TARGET = 10.10;
				SWIFT_VERSION = 2.3;
			};
			name = Release;
		};
		D0D1218019E87B05005E4BAA /* Debug */ = {
			isa = XCBuildConfiguration;
			baseConfigurationReference = D0D1213719E878CC005E4BAA /* Mac-Framework.xcconfig */;
			buildSettings = {
				CURRENT_PROJECT_VERSION = 1;
				DYLIB_COMPATIBILITY_VERSION = 1;
				DYLIB_CURRENT_VERSION = 1;
				EMBEDDED_CONTENT_CONTAINS_SWIFT = YES;
				FRAMEWORK_VERSION = A;
				INFOPLIST_FILE = Source/XCDBLD/Info.plist;
				PRODUCT_BUNDLE_IDENTIFIER = org.carthage.XCDBLD;
				PRODUCT_NAME = "$(TARGET_NAME)";
				VERSIONING_SYSTEM = "apple-generic";
				VERSION_INFO_PREFIX = "";
			};
			name = Debug;
		};
		D0D1218119E87B05005E4BAA /* Release */ = {
			isa = XCBuildConfiguration;
			baseConfigurationReference = D0D1213719E878CC005E4BAA /* Mac-Framework.xcconfig */;
			buildSettings = {
				CURRENT_PROJECT_VERSION = 1;
				DYLIB_COMPATIBILITY_VERSION = 1;
				DYLIB_CURRENT_VERSION = 1;
				EMBEDDED_CONTENT_CONTAINS_SWIFT = YES;
				FRAMEWORK_VERSION = A;
				INFOPLIST_FILE = Source/XCDBLD/Info.plist;
				PRODUCT_BUNDLE_IDENTIFIER = org.carthage.XCDBLD;
				PRODUCT_NAME = "$(TARGET_NAME)";
				VERSIONING_SYSTEM = "apple-generic";
				VERSION_INFO_PREFIX = "";
			};
			name = Release;
		};
		D0D1218219E87B05005E4BAA /* Debug */ = {
			isa = XCBuildConfiguration;
			baseConfigurationReference = D0D1213419E878CC005E4BAA /* Mac-Application.xcconfig */;
			buildSettings = {
				FRAMEWORK_SEARCH_PATHS = (
					"$(DEVELOPER_FRAMEWORKS_DIR)",
					"$(inherited)",
				);
				INFOPLIST_FILE = Source/XCDBLDTests/Info.plist;
				PRODUCT_BUNDLE_IDENTIFIER = "org.carthage.$(PRODUCT_NAME:rfc1034identifier)";
				PRODUCT_NAME = "$(TARGET_NAME)";
			};
			name = Debug;
		};
		D0D1218319E87B05005E4BAA /* Release */ = {
			isa = XCBuildConfiguration;
			baseConfigurationReference = D0D1213419E878CC005E4BAA /* Mac-Application.xcconfig */;
			buildSettings = {
				FRAMEWORK_SEARCH_PATHS = (
					"$(DEVELOPER_FRAMEWORKS_DIR)",
					"$(inherited)",
				);
				INFOPLIST_FILE = Source/XCDBLDTests/Info.plist;
				PRODUCT_BUNDLE_IDENTIFIER = "org.carthage.$(PRODUCT_NAME:rfc1034identifier)";
				PRODUCT_NAME = "$(TARGET_NAME)";
			};
			name = Release;
		};
		D0D1218719E87B38005E4BAA /* Profile */ = {
			isa = XCBuildConfiguration;
			baseConfigurationReference = D0D1212719E878CC005E4BAA /* Profile.xcconfig */;
			buildSettings = {
				GCC_NO_COMMON_BLOCKS = YES;
				MACOSX_DEPLOYMENT_TARGET = 10.10;
				SWIFT_VERSION = 2.3;
			};
			name = Profile;
		};
		D0D1218919E87B38005E4BAA /* Profile */ = {
			isa = XCBuildConfiguration;
			baseConfigurationReference = D0D1213719E878CC005E4BAA /* Mac-Framework.xcconfig */;
			buildSettings = {
				CURRENT_PROJECT_VERSION = 1;
				DYLIB_COMPATIBILITY_VERSION = 1;
				DYLIB_CURRENT_VERSION = 1;
				EMBEDDED_CONTENT_CONTAINS_SWIFT = YES;
				FRAMEWORK_VERSION = A;
				INFOPLIST_FILE = Source/XCDBLD/Info.plist;
				PRODUCT_BUNDLE_IDENTIFIER = org.carthage.XCDBLD;
				PRODUCT_NAME = "$(TARGET_NAME)";
				VERSIONING_SYSTEM = "apple-generic";
				VERSION_INFO_PREFIX = "";
			};
			name = Profile;
		};
		D0D1218A19E87B38005E4BAA /* Profile */ = {
			isa = XCBuildConfiguration;
			baseConfigurationReference = D0D1213419E878CC005E4BAA /* Mac-Application.xcconfig */;
			buildSettings = {
				FRAMEWORK_SEARCH_PATHS = (
					"$(DEVELOPER_FRAMEWORKS_DIR)",
					"$(inherited)",
				);
				INFOPLIST_FILE = Source/XCDBLDTests/Info.plist;
				PRODUCT_BUNDLE_IDENTIFIER = "org.carthage.$(PRODUCT_NAME:rfc1034identifier)";
				PRODUCT_NAME = "$(TARGET_NAME)";
			};
			name = Profile;
		};
		D0D1218B19E87B3B005E4BAA /* Test */ = {
			isa = XCBuildConfiguration;
			baseConfigurationReference = D0D1212919E878CC005E4BAA /* Test.xcconfig */;
			buildSettings = {
				GCC_NO_COMMON_BLOCKS = YES;
				MACOSX_DEPLOYMENT_TARGET = 10.10;
				SWIFT_VERSION = 2.3;
			};
			name = Test;
		};
		D0D1218D19E87B3B005E4BAA /* Test */ = {
			isa = XCBuildConfiguration;
			baseConfigurationReference = D0D1213719E878CC005E4BAA /* Mac-Framework.xcconfig */;
			buildSettings = {
				CURRENT_PROJECT_VERSION = 1;
				DYLIB_COMPATIBILITY_VERSION = 1;
				DYLIB_CURRENT_VERSION = 1;
				EMBEDDED_CONTENT_CONTAINS_SWIFT = YES;
				FRAMEWORK_VERSION = A;
				INFOPLIST_FILE = Source/XCDBLD/Info.plist;
				PRODUCT_BUNDLE_IDENTIFIER = org.carthage.XCDBLD;
				PRODUCT_NAME = "$(TARGET_NAME)";
				VERSIONING_SYSTEM = "apple-generic";
				VERSION_INFO_PREFIX = "";
			};
			name = Test;
		};
		D0D1218E19E87B3B005E4BAA /* Test */ = {
			isa = XCBuildConfiguration;
			baseConfigurationReference = D0D1213419E878CC005E4BAA /* Mac-Application.xcconfig */;
			buildSettings = {
				FRAMEWORK_SEARCH_PATHS = (
					"$(DEVELOPER_FRAMEWORKS_DIR)",
					"$(inherited)",
				);
				INFOPLIST_FILE = Source/XCDBLDTests/Info.plist;
				PRODUCT_BUNDLE_IDENTIFIER = "org.carthage.$(PRODUCT_NAME:rfc1034identifier)";
				PRODUCT_NAME = "$(TARGET_NAME)";
			};
			name = Test;
		};
/* End XCBuildConfiguration section */

/* Begin XCConfigurationList section */
		D0D1211319E87861005E4BAA /* Build configuration list for PBXProject "XCDBLD" */ = {
			isa = XCConfigurationList;
			buildConfigurations = (
				D0D1211D19E87861005E4BAA /* Debug */,
				D0D1218B19E87B3B005E4BAA /* Test */,
				D0D1211E19E87861005E4BAA /* Release */,
				D0D1218719E87B38005E4BAA /* Profile */,
			);
			defaultConfigurationIsVisible = 0;
			defaultConfigurationName = Release;
		};
		D0D1218419E87B05005E4BAA /* Build configuration list for PBXNativeTarget "XCDBLD" */ = {
			isa = XCConfigurationList;
			buildConfigurations = (
				D0D1218019E87B05005E4BAA /* Debug */,
				D0D1218D19E87B3B005E4BAA /* Test */,
				D0D1218119E87B05005E4BAA /* Release */,
				D0D1218919E87B38005E4BAA /* Profile */,
			);
			defaultConfigurationIsVisible = 0;
			defaultConfigurationName = Release;
		};
		D0D1218519E87B05005E4BAA /* Build configuration list for PBXNativeTarget "XCDBLDTests" */ = {
			isa = XCConfigurationList;
			buildConfigurations = (
				D0D1218219E87B05005E4BAA /* Debug */,
				D0D1218E19E87B3B005E4BAA /* Test */,
				D0D1218319E87B05005E4BAA /* Release */,
				D0D1218A19E87B38005E4BAA /* Profile */,
			);
			defaultConfigurationIsVisible = 0;
			defaultConfigurationName = Release;
		};
/* End XCConfigurationList section */
	};
	rootObject = D0D1211019E87861005E4BAA /* Project object */;
}
